# This file is autogenerated, do not edit; changes may be undone by the next 'dep ensure'.


[[projects]]
  name = "github.com/gorilla/websocket"
  packages = ["."]
  revision = "3ff3320c2a1756a3691521efc290b4701575147c"
  version = "v1.3.0"

[[projects]]
  branch = "experimental"
  name = "github.com/svenwiltink/ddpgo"
  packages = ["."]
  revision = "d727f1378cea52d8551e533373e37973e8737b33"

[solve-meta]
  analyzer-name = "dep"
  analyzer-version = 1
  inputs-digest = "a0f3b88873a6f6dc33757d05726f0375577d937ea0d6beba19e1733348842452"
  solver-name = "gps-cdcl"
  solver-version = 1
