# This file is autogenerated, do not edit; changes may be undone by the next 'dep ensure'.


[[projects]]
  name = "github.com/gorilla/websocket"
  packages = ["."]
  revision = "3ff3320c2a1756a3691521efc290b4701575147c"
  version = "v1.3.0"

[[projects]]
  branch = "master"
  name = "github.com/svenwiltink/ddpgo"
  packages = ["."]
  revision = "e1c7b8aa7b89452dddf1ee40b061b33967fc82d9"

[solve-meta]
  analyzer-name = "dep"
  analyzer-version = 1
  inputs-digest = "45f540bcf6545af2d36da18bf7190d7fee64a2236cb988cf7a86507381706548"
  solver-name = "gps-cdcl"
  solver-version = 1
